
Microsoft Visual Studio Solution File, Format Version 12.00
# Visual Studio 15
VisualStudioVersion = 15.0.27428.2015
MinimumVisualStudioVersion = 10.0.40219.1
Project("{FAE04EC0-301F-11D3-BF4B-00C04F79EFBC}") = "LetsPlayDarts", "LetsPlayDarts\LetsPlayDarts.csproj", "{99C756F2-26E7-41E4-8B84-8EBE62C90B7A}"
EndProject
Global
	GlobalSection(SolutionConfigurationPlatforms) = preSolution
		Debug|Any CPU = Debug|Any CPU
		Release|Any CPU = Release|Any CPU
	EndGlobalSection
	GlobalSection(ProjectConfigurationPlatforms) = postSolution
		{99C756F2-26E7-41E4-8B84-8EBE62C90B7A}.Debug|Any CPU.ActiveCfg = Debug|Any CPU
		{99C756F2-26E7-41E4-8B84-8EBE62C90B7A}.Debug|Any CPU.Build.0 = Debug|Any CPU
		{99C756F2-26E7-41E4-8B84-8EBE62C90B7A}.Release|Any CPU.ActiveCfg = Release|Any CPU
		{99C756F2-26E7-41E4-8B84-8EBE62C90B7A}.Release|Any CPU.Build.0 = Release|Any CPU
	EndGlobalSection
	GlobalSection(SolutionProperties) = preSolution
		HideSolutionNode = FALSE
	EndGlobalSection
	GlobalSection(ExtensibilityGlobals) = postSolution
		SolutionGuid = {B72F89A1-0B17-49C9-BA00-850FC8391555}
	EndGlobalSection
EndGlobal
